// !$*UTF8*$!
{
	archiveVersion = 1;
	classes = {
	};
	objectVersion = 56;
	objects = {

/* Begin PBXBuildFile section */
		16A4FB012BEFC32B00AFFFA8 /* Card-Info.swift in Sources */ = {isa = PBXBuildFile; fileRef = 16A4FB002BEFC32B00AFFFA8 /* Card-Info.swift */; };
		16CFD4E82BEAC06B00266AC1 /* Trusted_TarotApp.swift in Sources */ = {isa = PBXBuildFile; fileRef = 16CFD4E72BEAC06B00266AC1 /* Trusted_TarotApp.swift */; };
		16CFD4EA2BEAC06C00266AC1 /* ContentView.swift in Sources */ = {isa = PBXBuildFile; fileRef = 16CFD4E92BEAC06C00266AC1 /* ContentView.swift */; };
		16CFD4EC2BEAC06E00266AC1 /* Assets.xcassets in Resources */ = {isa = PBXBuildFile; fileRef = 16CFD4EB2BEAC06E00266AC1 /* Assets.xcassets */; };
		16CFD4EF2BEAC06E00266AC1 /* Preview Assets.xcassets in Resources */ = {isa = PBXBuildFile; fileRef = 16CFD4EE2BEAC06E00266AC1 /* Preview Assets.xcassets */; };
		16CFD4FE2BEACBDC00266AC1 /* Respira-Black.ttf in Resources */ = {isa = PBXBuildFile; fileRef = 16CFD4FD2BEACBDC00266AC1 /* Respira-Black.ttf */; };
		16CFD5032BEACDD200266AC1 /* HomeView.swift in Sources */ = {isa = PBXBuildFile; fileRef = 16CFD5022BEACDD200266AC1 /* HomeView.swift */; };
		16CFD5052BEACDE100266AC1 /* DailyView.swift in Sources */ = {isa = PBXBuildFile; fileRef = 16CFD5042BEACDE100266AC1 /* DailyView.swift */; };
		16CFD5072BEACDF100266AC1 /* ReadingsView.swift in Sources */ = {isa = PBXBuildFile; fileRef = 16CFD5062BEACDF100266AC1 /* ReadingsView.swift */; };
		16CFD5092BEACDFD00266AC1 /* LearnView.swift in Sources */ = {isa = PBXBuildFile; fileRef = 16CFD5082BEACDFD00266AC1 /* LearnView.swift */; };
		16CFD50B2BEACE0B00266AC1 /* SettingsView.swift in Sources */ = {isa = PBXBuildFile; fileRef = 16CFD50A2BEACE0B00266AC1 /* SettingsView.swift */; };
/* End PBXBuildFile section */

/* Begin PBXFileReference section */
		16A4FB002BEFC32B00AFFFA8 /* Card-Info.swift */ = {isa = PBXFileReference; lastKnownFileType = sourcecode.swift; path = "Card-Info.swift"; sourceTree = "<group>"; };
		16CFD4E42BEAC06B00266AC1 /* Trusted-Tarot.app */ = {isa = PBXFileReference; explicitFileType = wrapper.application; includeInIndex = 0; path = "Trusted-Tarot.app"; sourceTree = BUILT_PRODUCTS_DIR; };
		16CFD4E72BEAC06B00266AC1 /* Trusted_TarotApp.swift */ = {isa = PBXFileReference; lastKnownFileType = sourcecode.swift; path = Trusted_TarotApp.swift; sourceTree = "<group>"; };
		16CFD4E92BEAC06C00266AC1 /* ContentView.swift */ = {isa = PBXFileReference; lastKnownFileType = sourcecode.swift; path = ContentView.swift; sourceTree = "<group>"; };
		16CFD4EB2BEAC06E00266AC1 /* Assets.xcassets */ = {isa = PBXFileReference; lastKnownFileType = folder.assetcatalog; path = Assets.xcassets; sourceTree = "<group>"; };
		16CFD4EE2BEAC06E00266AC1 /* Preview Assets.xcassets */ = {isa = PBXFileReference; lastKnownFileType = folder.assetcatalog; path = "Preview Assets.xcassets"; sourceTree = "<group>"; };
		16CFD4FD2BEACBDC00266AC1 /* Respira-Black.ttf */ = {isa = PBXFileReference; lastKnownFileType = file; path = "Respira-Black.ttf"; sourceTree = "<group>"; };
		16CFD5012BEACD1500266AC1 /* Info.plist */ = {isa = PBXFileReference; lastKnownFileType = text.plist; path = Info.plist; sourceTree = "<group>"; };
		16CFD5022BEACDD200266AC1 /* HomeView.swift */ = {isa = PBXFileReference; lastKnownFileType = sourcecode.swift; path = HomeView.swift; sourceTree = "<group>"; };
		16CFD5042BEACDE100266AC1 /* DailyView.swift */ = {isa = PBXFileReference; lastKnownFileType = sourcecode.swift; path = DailyView.swift; sourceTree = "<group>"; };
		16CFD5062BEACDF100266AC1 /* ReadingsView.swift */ = {isa = PBXFileReference; lastKnownFileType = sourcecode.swift; path = ReadingsView.swift; sourceTree = "<group>"; };
		16CFD5082BEACDFD00266AC1 /* LearnView.swift */ = {isa = PBXFileReference; lastKnownFileType = sourcecode.swift; path = LearnView.swift; sourceTree = "<group>"; };
		16CFD50A2BEACE0B00266AC1 /* SettingsView.swift */ = {isa = PBXFileReference; lastKnownFileType = sourcecode.swift; path = SettingsView.swift; sourceTree = "<group>"; };
/* End PBXFileReference section */

/* Begin PBXFrameworksBuildPhase section */
		16CFD4E12BEAC06B00266AC1 /* Frameworks */ = {
			isa = PBXFrameworksBuildPhase;
			buildActionMask = 2147483647;
			files = (
			);
			runOnlyForDeploymentPostprocessing = 0;
		};
/* End PBXFrameworksBuildPhase section */

/* Begin PBXGroup section */
		16CFD4DB2BEAC06B00266AC1 = {
			isa = PBXGroup;
			children = (
				16CFD4E62BEAC06B00266AC1 /* Trusted-Tarot */,
				16CFD4E52BEAC06B00266AC1 /* Products */,
			);
			sourceTree = "<group>";
		};
		16CFD4E52BEAC06B00266AC1 /* Products */ = {
			isa = PBXGroup;
			children = (
				16CFD4E42BEAC06B00266AC1 /* Trusted-Tarot.app */,
			);
			name = Products;
			sourceTree = "<group>";
		};
		16CFD4E62BEAC06B00266AC1 /* Trusted-Tarot */ = {
			isa = PBXGroup;
			children = (
				16CFD5012BEACD1500266AC1 /* Info.plist */,
				16CFD4E72BEAC06B00266AC1 /* Trusted_TarotApp.swift */,
				16CFD4E92BEAC06C00266AC1 /* ContentView.swift */,
				16CFD4FB2BEAC6D500266AC1 /* Resources */,
				16CFD4F52BEAC64500266AC1 /* Views */,
				16CFD4EB2BEAC06E00266AC1 /* Assets.xcassets */,
				16CFD4ED2BEAC06E00266AC1 /* Preview Content */,
			);
			path = "Trusted-Tarot";
			sourceTree = "<group>";
		};
		16CFD4ED2BEAC06E00266AC1 /* Preview Content */ = {
			isa = PBXGroup;
			children = (
				16CFD4EE2BEAC06E00266AC1 /* Preview Assets.xcassets */,
			);
			path = "Preview Content";
			sourceTree = "<group>";
		};
		16CFD4F52BEAC64500266AC1 /* Views */ = {
			isa = PBXGroup;
			children = (
				16CFD4FA2BEAC6A100266AC1 /* Settings */,
				16CFD4F92BEAC69800266AC1 /* Learn */,
				16CFD4F82BEAC68900266AC1 /* Readings */,
				16CFD4F72BEAC66F00266AC1 /* Daily */,
				16CFD4F62BEAC66500266AC1 /* Home */,
			);
			path = Views;
			sourceTree = "<group>";
		};
		16CFD4F62BEAC66500266AC1 /* Home */ = {
			isa = PBXGroup;
			children = (
				16CFD5022BEACDD200266AC1 /* HomeView.swift */,
			);
			path = Home;
			sourceTree = "<group>";
		};
		16CFD4F72BEAC66F00266AC1 /* Daily */ = {
			isa = PBXGroup;
			children = (
				16CFD5042BEACDE100266AC1 /* DailyView.swift */,
			);
			path = Daily;
			sourceTree = "<group>";
		};
		16CFD4F82BEAC68900266AC1 /* Readings */ = {
			isa = PBXGroup;
			children = (
				16CFD5062BEACDF100266AC1 /* ReadingsView.swift */,
			);
			path = Readings;
			sourceTree = "<group>";
		};
		16CFD4F92BEAC69800266AC1 /* Learn */ = {
			isa = PBXGroup;
			children = (
				16CFD5082BEACDFD00266AC1 /* LearnView.swift */,
				16A4FB002BEFC32B00AFFFA8 /* Card-Info.swift */,
			);
			path = Learn;
			sourceTree = "<group>";
		};
		16CFD4FA2BEAC6A100266AC1 /* Settings */ = {
			isa = PBXGroup;
			children = (
				16CFD50A2BEACE0B00266AC1 /* SettingsView.swift */,
			);
			path = Settings;
			sourceTree = "<group>";
		};
		16CFD4FB2BEAC6D500266AC1 /* Resources */ = {
			isa = PBXGroup;
			children = (
				16CFD4FC2BEAC6EC00266AC1 /* Fonts */,
			);
			path = Resources;
			sourceTree = "<group>";
		};
		16CFD4FC2BEAC6EC00266AC1 /* Fonts */ = {
			isa = PBXGroup;
			children = (
				16CFD4FD2BEACBDC00266AC1 /* Respira-Black.ttf */,
			);
			path = Fonts;
			sourceTree = "<group>";
		};
/* End PBXGroup section */

/* Begin PBXNativeTarget section */
		16CFD4E32BEAC06B00266AC1 /* Trusted-Tarot */ = {
			isa = PBXNativeTarget;
			buildConfigurationList = 16CFD4F22BEAC06E00266AC1 /* Build configuration list for PBXNativeTarget "Trusted-Tarot" */;
			buildPhases = (
				16CFD4E02BEAC06B00266AC1 /* Sources */,
				16CFD4E12BEAC06B00266AC1 /* Frameworks */,
				16CFD4E22BEAC06B00266AC1 /* Resources */,
			);
			buildRules = (
			);
			dependencies = (
			);
			name = "Trusted-Tarot";
			productName = "Trusted-Tarot";
			productReference = 16CFD4E42BEAC06B00266AC1 /* Trusted-Tarot.app */;
			productType = "com.apple.product-type.application";
		};
/* End PBXNativeTarget section */

/* Begin PBXProject section */
		16CFD4DC2BEAC06B00266AC1 /* Project object */ = {
			isa = PBXProject;
			attributes = {
				BuildIndependentTargetsInParallel = 1;
				LastSwiftUpdateCheck = 1520;
				LastUpgradeCheck = 1520;
				TargetAttributes = {
					16CFD4E32BEAC06B00266AC1 = {
						CreatedOnToolsVersion = 15.2;
					};
				};
			};
			buildConfigurationList = 16CFD4DF2BEAC06B00266AC1 /* Build configuration list for PBXProject "Trusted-Tarot" */;
			compatibilityVersion = "Xcode 14.0";
			developmentRegion = en;
			hasScannedForEncodings = 0;
			knownRegions = (
				en,
				Base,
			);
			mainGroup = 16CFD4DB2BEAC06B00266AC1;
			productRefGroup = 16CFD4E52BEAC06B00266AC1 /* Products */;
			projectDirPath = "";
			projectRoot = "";
			targets = (
				16CFD4E32BEAC06B00266AC1 /* Trusted-Tarot */,
			);
		};
/* End PBXProject section */

/* Begin PBXResourcesBuildPhase section */
		16CFD4E22BEAC06B00266AC1 /* Resources */ = {
			isa = PBXResourcesBuildPhase;
			buildActionMask = 2147483647;
			files = (
				16CFD4EF2BEAC06E00266AC1 /* Preview Assets.xcassets in Resources */,
				16CFD4EC2BEAC06E00266AC1 /* Assets.xcassets in Resources */,
				16CFD4FE2BEACBDC00266AC1 /* Respira-Black.ttf in Resources */,
			);
			runOnlyForDeploymentPostprocessing = 0;
		};
/* End PBXResourcesBuildPhase section */

/* Begin PBXSourcesBuildPhase section */
		16CFD4E02BEAC06B00266AC1 /* Sources */ = {
			isa = PBXSourcesBuildPhase;
			buildActionMask = 2147483647;
			files = (
				16CFD50B2BEACE0B00266AC1 /* SettingsView.swift in Sources */,
				16CFD5052BEACDE100266AC1 /* DailyView.swift in Sources */,
				16CFD5092BEACDFD00266AC1 /* LearnView.swift in Sources */,
				16CFD5032BEACDD200266AC1 /* HomeView.swift in Sources */,
				16CFD4EA2BEAC06C00266AC1 /* ContentView.swift in Sources */,
				16A4FB012BEFC32B00AFFFA8 /* Card-Info.swift in Sources */,
				16CFD4E82BEAC06B00266AC1 /* Trusted_TarotApp.swift in Sources */,
				16CFD5072BEACDF100266AC1 /* ReadingsView.swift in Sources */,
			);
			runOnlyForDeploymentPostprocessing = 0;
		};
/* End PBXSourcesBuildPhase section */

/* Begin XCBuildConfiguration section */
		16CFD4F02BEAC06E00266AC1 /* Debug */ = {
			isa = XCBuildConfiguration;
			buildSettings = {
				ALWAYS_SEARCH_USER_PATHS = NO;
				ASSETCATALOG_COMPILER_GENERATE_SWIFT_ASSET_SYMBOL_EXTENSIONS = YES;
				CLANG_ANALYZER_NONNULL = YES;
				CLANG_ANALYZER_NUMBER_OBJECT_CONVERSION = YES_AGGRESSIVE;
				CLANG_CXX_LANGUAGE_STANDARD = "gnu++20";
				CLANG_ENABLE_MODULES = YES;
				CLANG_ENABLE_OBJC_ARC = YES;
				CLANG_ENABLE_OBJC_WEAK = YES;
				CLANG_WARN_BLOCK_CAPTURE_AUTORELEASING = YES;
				CLANG_WARN_BOOL_CONVERSION = YES;
				CLANG_WARN_COMMA = YES;
				CLANG_WARN_CONSTANT_CONVERSION = YES;
				CLANG_WARN_DEPRECATED_OBJC_IMPLEMENTATIONS = YES;
				CLANG_WARN_DIRECT_OBJC_ISA_USAGE = YES_ERROR;
				CLANG_WARN_DOCUMENTATION_COMMENTS = YES;
				CLANG_WARN_EMPTY_BODY = YES;
				CLANG_WARN_ENUM_CONVERSION = YES;
				CLANG_WARN_INFINITE_RECURSION = YES;
				CLANG_WARN_INT_CONVERSION = YES;
				CLANG_WARN_NON_LITERAL_NULL_CONVERSION = YES;
				CLANG_WARN_OBJC_IMPLICIT_RETAIN_SELF = YES;
				CLANG_WARN_OBJC_LITERAL_CONVERSION = YES;
				CLANG_WARN_OBJC_ROOT_CLASS = YES_ERROR;
				CLANG_WARN_QUOTED_INCLUDE_IN_FRAMEWORK_HEADER = YES;
				CLANG_WARN_RANGE_LOOP_ANALYSIS = YES;
				CLANG_WARN_STRICT_PROTOTYPES = YES;
				CLANG_WARN_SUSPICIOUS_MOVE = YES;
				CLANG_WARN_UNGUARDED_AVAILABILITY = YES_AGGRESSIVE;
				CLANG_WARN_UNREACHABLE_CODE = YES;
				CLANG_WARN__DUPLICATE_METHOD_MATCH = YES;
				COPY_PHASE_STRIP = NO;
				DEBUG_INFORMATION_FORMAT = dwarf;
				ENABLE_STRICT_OBJC_MSGSEND = YES;
				ENABLE_TESTABILITY = YES;
				ENABLE_USER_SCRIPT_SANDBOXING = YES;
				GCC_C_LANGUAGE_STANDARD = gnu17;
				GCC_DYNAMIC_NO_PIC = NO;
				GCC_NO_COMMON_BLOCKS = YES;
				GCC_OPTIMIZATION_LEVEL = 0;
				GCC_PREPROCESSOR_DEFINITIONS = (
					"DEBUG=1",
					"$(inherited)",
				);
				GCC_WARN_64_TO_32_BIT_CONVERSION = YES;
				GCC_WARN_ABOUT_RETURN_TYPE = YES_ERROR;
				GCC_WARN_UNDECLARED_SELECTOR = YES;
				GCC_WARN_UNINITIALIZED_AUTOS = YES_AGGRESSIVE;
				GCC_WARN_UNUSED_FUNCTION = YES;
				GCC_WARN_UNUSED_VARIABLE = YES;
				IPHONEOS_DEPLOYMENT_TARGET = 17.2;
				LOCALIZATION_PREFERS_STRING_CATALOGS = YES;
				MTL_ENABLE_DEBUG_INFO = INCLUDE_SOURCE;
				MTL_FAST_MATH = YES;
				ONLY_ACTIVE_ARCH = YES;
				SDKROOT = iphoneos;
				SWIFT_ACTIVE_COMPILATION_CONDITIONS = "DEBUG $(inherited)";
				SWIFT_OPTIMIZATION_LEVEL = "-Onone";
			};
			name = Debug;
		};
		16CFD4F12BEAC06E00266AC1 /* Release */ = {
			isa = XCBuildConfiguration;
			buildSettings = {
				ALWAYS_SEARCH_USER_PATHS = NO;
				ASSETCATALOG_COMPILER_GENERATE_SWIFT_ASSET_SYMBOL_EXTENSIONS = YES;
				CLANG_ANALYZER_NONNULL = YES;
				CLANG_ANALYZER_NUMBER_OBJECT_CONVERSION = YES_AGGRESSIVE;
				CLANG_CXX_LANGUAGE_STANDARD = "gnu++20";
				CLANG_ENABLE_MODULES = YES;
				CLANG_ENABLE_OBJC_ARC = YES;
				CLANG_ENABLE_OBJC_WEAK = YES;
				CLANG_WARN_BLOCK_CAPTURE_AUTORELEASING = YES;
				CLANG_WARN_BOOL_CONVERSION = YES;
				CLANG_WARN_COMMA = YES;
				CLANG_WARN_CONSTANT_CONVERSION = YES;
				CLANG_WARN_DEPRECATED_OBJC_IMPLEMENTATIONS = YES;
				CLANG_WARN_DIRECT_OBJC_ISA_USAGE = YES_ERROR;
				CLANG_WARN_DOCUMENTATION_COMMENTS = YES;
				CLANG_WARN_EMPTY_BODY = YES;
				CLANG_WARN_ENUM_CONVERSION = YES;
				CLANG_WARN_INFINITE_RECURSION = YES;
				CLANG_WARN_INT_CONVERSION = YES;
				CLANG_WARN_NON_LITERAL_NULL_CONVERSION = YES;
				CLANG_WARN_OBJC_IMPLICIT_RETAIN_SELF = YES;
				CLANG_WARN_OBJC_LITERAL_CONVERSION = YES;
				CLANG_WARN_OBJC_ROOT_CLASS = YES_ERROR;
				CLANG_WARN_QUOTED_INCLUDE_IN_FRAMEWORK_HEADER = YES;
				CLANG_WARN_RANGE_LOOP_ANALYSIS = YES;
				CLANG_WARN_STRICT_PROTOTYPES = YES;
				CLANG_WARN_SUSPICIOUS_MOVE = YES;
				CLANG_WARN_UNGUARDED_AVAILABILITY = YES_AGGRESSIVE;
				CLANG_WARN_UNREACHABLE_CODE = YES;
				CLANG_WARN__DUPLICATE_METHOD_MATCH = YES;
				COPY_PHASE_STRIP = NO;
				DEBUG_INFORMATION_FORMAT = "dwarf-with-dsym";
				ENABLE_NS_ASSERTIONS = NO;
				ENABLE_STRICT_OBJC_MSGSEND = YES;
				ENABLE_USER_SCRIPT_SANDBOXING = YES;
				GCC_C_LANGUAGE_STANDARD = gnu17;
				GCC_NO_COMMON_BLOCKS = YES;
				GCC_WARN_64_TO_32_BIT_CONVERSION = YES;
				GCC_WARN_ABOUT_RETURN_TYPE = YES_ERROR;
				GCC_WARN_UNDECLARED_SELECTOR = YES;
				GCC_WARN_UNINITIALIZED_AUTOS = YES_AGGRESSIVE;
				GCC_WARN_UNUSED_FUNCTION = YES;
				GCC_WARN_UNUSED_VARIABLE = YES;
				IPHONEOS_DEPLOYMENT_TARGET = 17.2;
				LOCALIZATION_PREFERS_STRING_CATALOGS = YES;
				MTL_ENABLE_DEBUG_INFO = NO;
				MTL_FAST_MATH = YES;
				SDKROOT = iphoneos;
				SWIFT_COMPILATION_MODE = wholemodule;
				VALIDATE_PRODUCT = YES;
			};
			name = Release;
		};
		16CFD4F32BEAC06E00266AC1 /* Debug */ = {
			isa = XCBuildConfiguration;
			buildSettings = {
				ASSETCATALOG_COMPILER_APPICON_NAME = AppIcon;
				ASSETCATALOG_COMPILER_GLOBAL_ACCENT_COLOR_NAME = AccentColor;
				CODE_SIGN_STYLE = Automatic;
				CURRENT_PROJECT_VERSION = 1;
				DEVELOPMENT_ASSET_PATHS = "\"Trusted-Tarot/Preview Content\"";
				ENABLE_PREVIEWS = YES;
				GENERATE_INFOPLIST_FILE = YES;
				INFOPLIST_FILE = "Trusted-Tarot/Info.plist";
				INFOPLIST_KEY_UIApplicationSceneManifest_Generation = YES;
				INFOPLIST_KEY_UIApplicationSupportsIndirectInputEvents = YES;
				INFOPLIST_KEY_UILaunchScreen_Generation = YES;
				INFOPLIST_KEY_UISupportedInterfaceOrientations_iPad = "UIInterfaceOrientationPortrait UIInterfaceOrientationPortraitUpsideDown UIInterfaceOrientationLandscapeLeft UIInterfaceOrientationLandscapeRight";
				INFOPLIST_KEY_UISupportedInterfaceOrientations_iPhone = "UIInterfaceOrientationPortrait UIInterfaceOrientationLandscapeLeft UIInterfaceOrientationLandscapeRight";
				LD_RUNPATH_SEARCH_PATHS = (
					"$(inherited)",
					"@executable_path/Frameworks",
				);
				MARKETING_VERSION = 1.0;
				PRODUCT_BUNDLE_IDENTIFIER = "io.joytantrum.Trusted-Tarot";
				PRODUCT_NAME = "$(TARGET_NAME)";
				SWIFT_EMIT_LOC_STRINGS = YES;
				SWIFT_VERSION = 5.0;
				TARGETED_DEVICE_FAMILY = "1,2";
			};
			name = Debug;
		};
		16CFD4F42BEAC06E00266AC1 /* Release */ = {
			isa = XCBuildConfiguration;
			buildSettings = {
				ASSETCATALOG_COMPILER_APPICON_NAME = AppIcon;
				ASSETCATALOG_COMPILER_GLOBAL_ACCENT_COLOR_NAME = AccentColor;
				CODE_SIGN_STYLE = Automatic;
				CURRENT_PROJECT_VERSION = 1;
				DEVELOPMENT_ASSET_PATHS = "\"Trusted-Tarot/Preview Content\"";
				ENABLE_PREVIEWS = YES;
				GENERATE_INFOPLIST_FILE = YES;
				INFOPLIST_FILE = "Trusted-Tarot/Info.plist";
				INFOPLIST_KEY_UIApplicationSceneManifest_Generation = YES;
				INFOPLIST_KEY_UIApplicationSupportsIndirectInputEvents = YES;
				INFOPLIST_KEY_UILaunchScreen_Generation = YES;
				INFOPLIST_KEY_UISupportedInterfaceOrientations_iPad = "UIInterfaceOrientationPortrait UIInterfaceOrientationPortraitUpsideDown UIInterfaceOrientationLandscapeLeft UIInterfaceOrientationLandscapeRight";
				INFOPLIST_KEY_UISupportedInterfaceOrientations_iPhone = "UIInterfaceOrientationPortrait UIInterfaceOrientationLandscapeLeft UIInterfaceOrientationLandscapeRight";
				LD_RUNPATH_SEARCH_PATHS = (
					"$(inherited)",
					"@executable_path/Frameworks",
				);
				MARKETING_VERSION = 1.0;
				PRODUCT_BUNDLE_IDENTIFIER = "io.joytantrum.Trusted-Tarot";
				PRODUCT_NAME = "$(TARGET_NAME)";
				SWIFT_EMIT_LOC_STRINGS = YES;
				SWIFT_VERSION = 5.0;
				TARGETED_DEVICE_FAMILY = "1,2";
			};
			name = Release;
		};
/* End XCBuildConfiguration section */

/* Begin XCConfigurationList section */
		16CFD4DF2BEAC06B00266AC1 /* Build configuration list for PBXProject "Trusted-Tarot" */ = {
			isa = XCConfigurationList;
			buildConfigurations = (
				16CFD4F02BEAC06E00266AC1 /* Debug */,
				16CFD4F12BEAC06E00266AC1 /* Release */,
			);
			defaultConfigurationIsVisible = 0;
			defaultConfigurationName = Release;
		};
		16CFD4F22BEAC06E00266AC1 /* Build configuration list for PBXNativeTarget "Trusted-Tarot" */ = {
			isa = XCConfigurationList;
			buildConfigurations = (
				16CFD4F32BEAC06E00266AC1 /* Debug */,
				16CFD4F42BEAC06E00266AC1 /* Release */,
			);
			defaultConfigurationIsVisible = 0;
			defaultConfigurationName = Release;
		};
/* End XCConfigurationList section */
	};
	rootObject = 16CFD4DC2BEAC06B00266AC1 /* Project object */;
}
